# THIS IS AN AUTOGENERATED FILE. DO NOT EDIT THIS FILE DIRECTLY.
# yarn lockfile v1


"@electron/remote@^1.1.0":
  version "1.1.0"
  resolved "https://registry.yarnpkg.com/@electron/remote/-/remote-1.1.0.tgz#167d119c7c03c7778b556fdc4f1f38a44b23f1c2"
  integrity sha512-yr8gZTkIgJYKbFqExI4QZqMSjn1kL/us9Dl46+TH1EZdhgRtsJ6HDfdsIxu0QEc6Hv+DMAXs69rgquH+8FDk4w==
